// !$*UTF8*$!
{
	archiveVersion = 1;
	classes = {
	};
	objectVersion = 56;
	objects = {

/* Begin PBXBuildFile section */
		217B744BE43C86DAA5858779 /* Pods_RockPaperScissors.framework in Frameworks */ = {isa = PBXBuildFile; fileRef = 7B13EECBF9A0BD8924D49607 /* Pods_RockPaperScissors.framework */; };
		660982EC2AFEC98000A7D0D0 /* RockPaperScissorsApp.swift in Sources */ = {isa = PBXBuildFile; fileRef = 660982EB2AFEC98000A7D0D0 /* RockPaperScissorsApp.swift */; };
		660982EE2AFEC98000A7D0D0 /* ContentView.swift in Sources */ = {isa = PBXBuildFile; fileRef = 660982ED2AFEC98000A7D0D0 /* ContentView.swift */; };
		660982F02AFEC98900A7D0D0 /* Assets.xcassets in Resources */ = {isa = PBXBuildFile; fileRef = 660982EF2AFEC98800A7D0D0 /* Assets.xcassets */; };
		660982F42AFEC98900A7D0D0 /* Preview Assets.xcassets in Resources */ = {isa = PBXBuildFile; fileRef = 660982F32AFEC98900A7D0D0 /* Preview Assets.xcassets */; };
		660982FC2AFFCB0800A7D0D0 /* WeaponOfChoice.swift in Sources */ = {isa = PBXBuildFile; fileRef = 660982FB2AFFCB0800A7D0D0 /* WeaponOfChoice.swift */; };
		660982FE2AFFCB3000A7D0D0 /* GameResults.swift in Sources */ = {isa = PBXBuildFile; fileRef = 660982FD2AFFCB3000A7D0D0 /* GameResults.swift */; };
		660983012AFFCB6A00A7D0D0 /* VsPersonViewModel.swift in Sources */ = {isa = PBXBuildFile; fileRef = 660983002AFFCB6A00A7D0D0 /* VsPersonViewModel.swift */; };
		660983042AFFCCC500A7D0D0 /* RPSvsComputerView.swift in Sources */ = {isa = PBXBuildFile; fileRef = 660983032AFFCCC500A7D0D0 /* RPSvsComputerView.swift */; };
		660983062AFFE30F00A7D0D0 /* LaunchView.swift in Sources */ = {isa = PBXBuildFile; fileRef = 660983052AFFE30F00A7D0D0 /* LaunchView.swift */; };
		660983082AFFE51400A7D0D0 /* Matchmanager+GKMatchMakerViewController.swift in Sources */ = {isa = PBXBuildFile; fileRef = 660983072AFFE51400A7D0D0 /* Matchmanager+GKMatchMakerViewController.swift */; };
		6609830A2AFFE69E00A7D0D0 /* ViewModel+GKMatchDelegate.swift in Sources */ = {isa = PBXBuildFile; fileRef = 660983092AFFE69E00A7D0D0 /* ViewModel+GKMatchDelegate.swift */; };
		6609830E2B008D2500A7D0D0 /* RPSvsPersonView.swift in Sources */ = {isa = PBXBuildFile; fileRef = 6609830D2B008D2500A7D0D0 /* RPSvsPersonView.swift */; };
		667600D62B210AB50018E3A2 /* PlayerBioRowView.swift in Sources */ = {isa = PBXBuildFile; fileRef = 667600D52B210AB50018E3A2 /* PlayerBioRowView.swift */; };
		667600D82B227AC40018E3A2 /* ResultMessage.swift in Sources */ = {isa = PBXBuildFile; fileRef = 667600D72B227AC40018E3A2 /* ResultMessage.swift */; };
		667600DB2B2283DC0018E3A2 /* GameDataService.swift in Sources */ = {isa = PBXBuildFile; fileRef = 667600DA2B2283DC0018E3A2 /* GameDataService.swift */; };
		667600E12B2285CF0018E3A2 /* GameDataHistory.xcdatamodeld in Sources */ = {isa = PBXBuildFile; fileRef = 667600DF2B2285CF0018E3A2 /* GameDataHistory.xcdatamodeld */; };
		667600E42B24D64B0018E3A2 /* GameOverviewView.swift in Sources */ = {isa = PBXBuildFile; fileRef = 667600E32B24D64B0018E3A2 /* GameOverviewView.swift */; };
		66952CA22B02F47400F091F4 /* VSComputerViewModel.swift in Sources */ = {isa = PBXBuildFile; fileRef = 66952CA12B02F47400F091F4 /* VSComputerViewModel.swift */; };
		66952CA62B03285A00F091F4 /* BasicMainButton.swift in Sources */ = {isa = PBXBuildFile; fileRef = 66952CA52B03285A00F091F4 /* BasicMainButton.swift */; };
		66952CAC2B07BDE100F091F4 /* StoreManager.swift in Sources */ = {isa = PBXBuildFile; fileRef = 66952CAB2B07BDE100F091F4 /* StoreManager.swift */; };
		66952CAF2B07BEE700F091F4 /* InAppPurchasesView.swift in Sources */ = {isa = PBXBuildFile; fileRef = 66952CAE2B07BEE700F091F4 /* InAppPurchasesView.swift */; };
		66952CB22B081A5A00F091F4 /* BannerAdvertisement.swift in Sources */ = {isa = PBXBuildFile; fileRef = 66952CB12B081A5A00F091F4 /* BannerAdvertisement.swift */; };
		66952CB42B081AB300F091F4 /* Interstitial.swift in Sources */ = {isa = PBXBuildFile; fileRef = 66952CB32B081AB300F091F4 /* Interstitial.swift */; };
		66C8BD6E2B081D82009834DB /* AdvertisingViewModel.swift in Sources */ = {isa = PBXBuildFile; fileRef = 66C8BD6D2B081D82009834DB /* AdvertisingViewModel.swift */; };
		66C8BD702B0BBF38009834DB /* AdsViewController.swift in Sources */ = {isa = PBXBuildFile; fileRef = 66C8BD6F2B0BBF38009834DB /* AdsViewController.swift */; };
		66C8BD722B0BC3AA009834DB /* AdmobConstants.swift in Sources */ = {isa = PBXBuildFile; fileRef = 66C8BD712B0BC3AA009834DB /* AdmobConstants.swift */; };
		66C8BD742B0D086D009834DB /* StoreKit.framework in Frameworks */ = {isa = PBXBuildFile; fileRef = 66C8BD732B0D086D009834DB /* StoreKit.framework */; };
		66C8BD772B0D0E6A009834DB /* Color.swift in Sources */ = {isa = PBXBuildFile; fileRef = 66C8BD762B0D0E6A009834DB /* Color.swift */; };
		66C8BD792B14DFB8009834DB /* RockPaperScissorsView.swift in Sources */ = {isa = PBXBuildFile; fileRef = 66C8BD782B14DFB7009834DB /* RockPaperScissorsView.swift */; };
		66C8BD7D2B14E15A009834DB /* GameHeaderView.swift in Sources */ = {isa = PBXBuildFile; fileRef = 66C8BD7C2B14E15A009834DB /* GameHeaderView.swift */; };
		66C8BD802B178E4E009834DB /* PlayerAuthState.swift in Sources */ = {isa = PBXBuildFile; fileRef = 66C8BD7F2B178E4E009834DB /* PlayerAuthState.swift */; };
		66C8BD822B178ECC009834DB /* BackgroundHelper.swift in Sources */ = {isa = PBXBuildFile; fileRef = 66C8BD812B178ECC009834DB /* BackgroundHelper.swift */; };
		66C8BD862B179881009834DB /* ComputerPlayerModel.swift in Sources */ = {isa = PBXBuildFile; fileRef = 66C8BD852B179881009834DB /* ComputerPlayerModel.swift */; };
		66C8BD882B1E94D9009834DB /* EndGameView.swift in Sources */ = {isa = PBXBuildFile; fileRef = 66C8BD872B1E94D9009834DB /* EndGameView.swift */; };
		66C8BD8A2B1F917C009834DB /* RPSGraphic.swift in Sources */ = {isa = PBXBuildFile; fileRef = 66C8BD892B1F917C009834DB /* RPSGraphic.swift */; };
		66C8BD8F2B20E5EA009834DB /* ExplanationView.swift in Sources */ = {isa = PBXBuildFile; fileRef = 66C8BD8E2B20E5EA009834DB /* ExplanationView.swift */; };
		66C8BD912B20E82F009834DB /* PlayerBioView.swift in Sources */ = {isa = PBXBuildFile; fileRef = 66C8BD902B20E82F009834DB /* PlayerBioView.swift */; };
/* End PBXBuildFile section */

/* Begin PBXFileReference section */
		660982E82AFEC98000A7D0D0 /* RockPaperScissors.app */ = {isa = PBXFileReference; explicitFileType = wrapper.application; includeInIndex = 0; path = RockPaperScissors.app; sourceTree = BUILT_PRODUCTS_DIR; };
		660982EB2AFEC98000A7D0D0 /* RockPaperScissorsApp.swift */ = {isa = PBXFileReference; lastKnownFileType = sourcecode.swift; path = RockPaperScissorsApp.swift; sourceTree = "<group>"; };
		660982ED2AFEC98000A7D0D0 /* ContentView.swift */ = {isa = PBXFileReference; lastKnownFileType = sourcecode.swift; path = ContentView.swift; sourceTree = "<group>"; };
		660982EF2AFEC98800A7D0D0 /* Assets.xcassets */ = {isa = PBXFileReference; lastKnownFileType = folder.assetcatalog; path = Assets.xcassets; sourceTree = "<group>"; };
		660982F12AFEC98900A7D0D0 /* RockPaperScissors.entitlements */ = {isa = PBXFileReference; lastKnownFileType = text.plist.entitlements; path = RockPaperScissors.entitlements; sourceTree = "<group>"; };
		660982F32AFEC98900A7D0D0 /* Preview Assets.xcassets */ = {isa = PBXFileReference; lastKnownFileType = folder.assetcatalog; path = "Preview Assets.xcassets"; sourceTree = "<group>"; };
		660982FB2AFFCB0800A7D0D0 /* WeaponOfChoice.swift */ = {isa = PBXFileReference; lastKnownFileType = sourcecode.swift; path = WeaponOfChoice.swift; sourceTree = "<group>"; };
		660982FD2AFFCB3000A7D0D0 /* GameResults.swift */ = {isa = PBXFileReference; lastKnownFileType = sourcecode.swift; path = GameResults.swift; sourceTree = "<group>"; };
		660983002AFFCB6A00A7D0D0 /* VsPersonViewModel.swift */ = {isa = PBXFileReference; lastKnownFileType = sourcecode.swift; path = VsPersonViewModel.swift; sourceTree = "<group>"; };
		660983032AFFCCC500A7D0D0 /* RPSvsComputerView.swift */ = {isa = PBXFileReference; lastKnownFileType = sourcecode.swift; path = RPSvsComputerView.swift; sourceTree = "<group>"; };
		660983052AFFE30F00A7D0D0 /* LaunchView.swift */ = {isa = PBXFileReference; lastKnownFileType = sourcecode.swift; path = LaunchView.swift; sourceTree = "<group>"; };
		660983072AFFE51400A7D0D0 /* Matchmanager+GKMatchMakerViewController.swift */ = {isa = PBXFileReference; lastKnownFileType = sourcecode.swift; path = "Matchmanager+GKMatchMakerViewController.swift"; sourceTree = "<group>"; };
		660983092AFFE69E00A7D0D0 /* ViewModel+GKMatchDelegate.swift */ = {isa = PBXFileReference; lastKnownFileType = sourcecode.swift; path = "ViewModel+GKMatchDelegate.swift"; sourceTree = "<group>"; };
		6609830D2B008D2500A7D0D0 /* RPSvsPersonView.swift */ = {isa = PBXFileReference; lastKnownFileType = sourcecode.swift; path = RPSvsPersonView.swift; sourceTree = "<group>"; };
		667600D52B210AB50018E3A2 /* PlayerBioRowView.swift */ = {isa = PBXFileReference; lastKnownFileType = sourcecode.swift; path = PlayerBioRowView.swift; sourceTree = "<group>"; };
		667600D72B227AC40018E3A2 /* ResultMessage.swift */ = {isa = PBXFileReference; lastKnownFileType = sourcecode.swift; path = ResultMessage.swift; sourceTree = "<group>"; };
		667600DA2B2283DC0018E3A2 /* GameDataService.swift */ = {isa = PBXFileReference; lastKnownFileType = sourcecode.swift; path = GameDataService.swift; sourceTree = "<group>"; };
		667600E02B2285CF0018E3A2 /* GameDataHistory.xcdatamodel */ = {isa = PBXFileReference; lastKnownFileType = wrapper.xcdatamodel; path = GameDataHistory.xcdatamodel; sourceTree = "<group>"; };
		667600E32B24D64B0018E3A2 /* GameOverviewView.swift */ = {isa = PBXFileReference; lastKnownFileType = sourcecode.swift; path = GameOverviewView.swift; sourceTree = "<group>"; };
		66952CA12B02F47400F091F4 /* VSComputerViewModel.swift */ = {isa = PBXFileReference; lastKnownFileType = sourcecode.swift; path = VSComputerViewModel.swift; sourceTree = "<group>"; };
		66952CA52B03285A00F091F4 /* BasicMainButton.swift */ = {isa = PBXFileReference; lastKnownFileType = sourcecode.swift; path = BasicMainButton.swift; sourceTree = "<group>"; };
		66952CAB2B07BDE100F091F4 /* StoreManager.swift */ = {isa = PBXFileReference; lastKnownFileType = sourcecode.swift; path = StoreManager.swift; sourceTree = "<group>"; };
		66952CAD2B07BED300F091F4 /* storeKitSync.storekit */ = {isa = PBXFileReference; lastKnownFileType = text; path = storeKitSync.storekit; sourceTree = "<group>"; };
		66952CAE2B07BEE700F091F4 /* InAppPurchasesView.swift */ = {isa = PBXFileReference; lastKnownFileType = sourcecode.swift; path = InAppPurchasesView.swift; sourceTree = "<group>"; };
		66952CB12B081A5A00F091F4 /* BannerAdvertisement.swift */ = {isa = PBXFileReference; lastKnownFileType = sourcecode.swift; path = BannerAdvertisement.swift; sourceTree = "<group>"; };
		66952CB32B081AB300F091F4 /* Interstitial.swift */ = {isa = PBXFileReference; lastKnownFileType = sourcecode.swift; path = Interstitial.swift; sourceTree = "<group>"; };
		66C8BD6C2B081CF6009834DB /* Info.plist */ = {isa = PBXFileReference; lastKnownFileType = text.plist; path = Info.plist; sourceTree = "<group>"; };
		66C8BD6D2B081D82009834DB /* AdvertisingViewModel.swift */ = {isa = PBXFileReference; lastKnownFileType = sourcecode.swift; path = AdvertisingViewModel.swift; sourceTree = "<group>"; };
		66C8BD6F2B0BBF38009834DB /* AdsViewController.swift */ = {isa = PBXFileReference; lastKnownFileType = sourcecode.swift; path = AdsViewController.swift; sourceTree = "<group>"; };
		66C8BD712B0BC3AA009834DB /* AdmobConstants.swift */ = {isa = PBXFileReference; lastKnownFileType = sourcecode.swift; path = AdmobConstants.swift; sourceTree = "<group>"; };
		66C8BD732B0D086D009834DB /* StoreKit.framework */ = {isa = PBXFileReference; lastKnownFileType = wrapper.framework; name = StoreKit.framework; path = System/Library/Frameworks/StoreKit.framework; sourceTree = SDKROOT; };
		66C8BD762B0D0E6A009834DB /* Color.swift */ = {isa = PBXFileReference; lastKnownFileType = sourcecode.swift; path = Color.swift; sourceTree = "<group>"; };
		66C8BD782B14DFB7009834DB /* RockPaperScissorsView.swift */ = {isa = PBXFileReference; lastKnownFileType = sourcecode.swift; path = RockPaperScissorsView.swift; sourceTree = "<group>"; };
		66C8BD7C2B14E15A009834DB /* GameHeaderView.swift */ = {isa = PBXFileReference; lastKnownFileType = sourcecode.swift; path = GameHeaderView.swift; sourceTree = "<group>"; };
		66C8BD7F2B178E4E009834DB /* PlayerAuthState.swift */ = {isa = PBXFileReference; lastKnownFileType = sourcecode.swift; path = PlayerAuthState.swift; sourceTree = "<group>"; };
		66C8BD812B178ECC009834DB /* BackgroundHelper.swift */ = {isa = PBXFileReference; lastKnownFileType = sourcecode.swift; path = BackgroundHelper.swift; sourceTree = "<group>"; };
		66C8BD852B179881009834DB /* ComputerPlayerModel.swift */ = {isa = PBXFileReference; lastKnownFileType = sourcecode.swift; path = ComputerPlayerModel.swift; sourceTree = "<group>"; };
		66C8BD872B1E94D9009834DB /* EndGameView.swift */ = {isa = PBXFileReference; lastKnownFileType = sourcecode.swift; path = EndGameView.swift; sourceTree = "<group>"; };
		66C8BD892B1F917C009834DB /* RPSGraphic.swift */ = {isa = PBXFileReference; lastKnownFileType = sourcecode.swift; path = RPSGraphic.swift; sourceTree = "<group>"; };
		66C8BD8E2B20E5EA009834DB /* ExplanationView.swift */ = {isa = PBXFileReference; lastKnownFileType = sourcecode.swift; path = ExplanationView.swift; sourceTree = "<group>"; };
		66C8BD902B20E82F009834DB /* PlayerBioView.swift */ = {isa = PBXFileReference; lastKnownFileType = sourcecode.swift; path = PlayerBioView.swift; sourceTree = "<group>"; };
		6D5F6773A788F7AC3A510F84 /* Pods-RockPaperScissors.debug.xcconfig */ = {isa = PBXFileReference; includeInIndex = 1; lastKnownFileType = text.xcconfig; name = "Pods-RockPaperScissors.debug.xcconfig"; path = "Target Support Files/Pods-RockPaperScissors/Pods-RockPaperScissors.debug.xcconfig"; sourceTree = "<group>"; };
		7B13EECBF9A0BD8924D49607 /* Pods_RockPaperScissors.framework */ = {isa = PBXFileReference; explicitFileType = wrapper.framework; includeInIndex = 0; path = Pods_RockPaperScissors.framework; sourceTree = BUILT_PRODUCTS_DIR; };
		86C6F307B44695A3C1683964 /* Pods-RockPaperScissors.release.xcconfig */ = {isa = PBXFileReference; includeInIndex = 1; lastKnownFileType = text.xcconfig; name = "Pods-RockPaperScissors.release.xcconfig"; path = "Target Support Files/Pods-RockPaperScissors/Pods-RockPaperScissors.release.xcconfig"; sourceTree = "<group>"; };
/* End PBXFileReference section */

/* Begin PBXFrameworksBuildPhase section */
		660982E52AFEC98000A7D0D0 /* Frameworks */ = {
			isa = PBXFrameworksBuildPhase;
			buildActionMask = 2147483647;
			files = (
				217B744BE43C86DAA5858779 /* Pods_RockPaperScissors.framework in Frameworks */,
				66C8BD742B0D086D009834DB /* StoreKit.framework in Frameworks */,
			);
			runOnlyForDeploymentPostprocessing = 0;
		};
/* End PBXFrameworksBuildPhase section */

/* Begin PBXGroup section */
		283C2D92B483346ED70ECB82 /* Frameworks */ = {
			isa = PBXGroup;
			children = (
				66C8BD732B0D086D009834DB /* StoreKit.framework */,
				7B13EECBF9A0BD8924D49607 /* Pods_RockPaperScissors.framework */,
			);
			name = Frameworks;
			sourceTree = "<group>";
		};
		660982DF2AFEC98000A7D0D0 = {
			isa = PBXGroup;
			children = (
				660982EA2AFEC98000A7D0D0 /* RockPaperScissors */,
				660982E92AFEC98000A7D0D0 /* Products */,
				AA8CF4245F83CCFE9D636E19 /* Pods */,
				283C2D92B483346ED70ECB82 /* Frameworks */,
			);
			sourceTree = "<group>";
		};
		660982E92AFEC98000A7D0D0 /* Products */ = {
			isa = PBXGroup;
			children = (
				660982E82AFEC98000A7D0D0 /* RockPaperScissors.app */,
			);
			name = Products;
			sourceTree = "<group>";
		};
		660982EA2AFEC98000A7D0D0 /* RockPaperScissors */ = {
			isa = PBXGroup;
			children = (
				660982EB2AFEC98000A7D0D0 /* RockPaperScissorsApp.swift */,
				660982ED2AFEC98000A7D0D0 /* ContentView.swift */,
				66C8BD752B0D0E5F009834DB /* Extensions */,
				660982FA2AFFCAFB00A7D0D0 /* States */,
				66952CB02B081A3E00F091F4 /* Advertising */,
				66952CAA2B07BDD600F091F4 /* Store */,
				660983022AFFCCB800A7D0D0 /* App */,
				660982EF2AFEC98800A7D0D0 /* Assets.xcassets */,
				66C8BD6C2B081CF6009834DB /* Info.plist */,
				660982F12AFEC98900A7D0D0 /* RockPaperScissors.entitlements */,
				660982F22AFEC98900A7D0D0 /* Preview Content */,
			);
			path = RockPaperScissors;
			sourceTree = "<group>";
		};
		660982F22AFEC98900A7D0D0 /* Preview Content */ = {
			isa = PBXGroup;
			children = (
				660982F32AFEC98900A7D0D0 /* Preview Assets.xcassets */,
			);
			path = "Preview Content";
			sourceTree = "<group>";
		};
		660982FA2AFFCAFB00A7D0D0 /* States */ = {
			isa = PBXGroup;
			children = (
				66C8BD7F2B178E4E009834DB /* PlayerAuthState.swift */,
				660982FB2AFFCB0800A7D0D0 /* WeaponOfChoice.swift */,
				660982FD2AFFCB3000A7D0D0 /* GameResults.swift */,
				66C8BD712B0BC3AA009834DB /* AdmobConstants.swift */,
			);
			path = States;
			sourceTree = "<group>";
		};
		660983022AFFCCB800A7D0D0 /* App */ = {
			isa = PBXGroup;
			children = (
				667600E22B24D6370018E3A2 /* GameOverviewView */,
				667600D92B2283CF0018E3A2 /* Services */,
				66C8BD8D2B20E5CC009834DB /* ExplanationView */,
				66C8BD832B179870009834DB /* Models */,
				66C8BD7E2B14E325009834DB /* Components */,
				66952CA72B03286000F091F4 /* LaunchScreen */,
				66952CA92B032B5300F091F4 /* VsPerson */,
				66952CA82B032B4500F091F4 /* VsComputer */,
				66C8BD8C2B1FF354009834DB /* EndGameView */,
			);
			path = App;
			sourceTree = "<group>";
		};
		667600D92B2283CF0018E3A2 /* Services */ = {
			isa = PBXGroup;
			children = (
				667600DA2B2283DC0018E3A2 /* GameDataService.swift */,
				667600DF2B2285CF0018E3A2 /* GameDataHistory.xcdatamodeld */,
			);
			path = Services;
			sourceTree = "<group>";
		};
		667600E22B24D6370018E3A2 /* GameOverviewView */ = {
			isa = PBXGroup;
			children = (
				667600E32B24D64B0018E3A2 /* GameOverviewView.swift */,
			);
			path = GameOverviewView;
			sourceTree = "<group>";
		};
		66952CA32B0320E500F091F4 /* ViewModel */ = {
			isa = PBXGroup;
			children = (
				660983002AFFCB6A00A7D0D0 /* VsPersonViewModel.swift */,
				660983072AFFE51400A7D0D0 /* Matchmanager+GKMatchMakerViewController.swift */,
				660983092AFFE69E00A7D0D0 /* ViewModel+GKMatchDelegate.swift */,
			);
			path = ViewModel;
			sourceTree = "<group>";
		};
		66952CA72B03286000F091F4 /* LaunchScreen */ = {
			isa = PBXGroup;
			children = (
				660983052AFFE30F00A7D0D0 /* LaunchView.swift */,
			);
			path = LaunchScreen;
			sourceTree = "<group>";
		};
		66952CA82B032B4500F091F4 /* VsComputer */ = {
			isa = PBXGroup;
			children = (
				660983032AFFCCC500A7D0D0 /* RPSvsComputerView.swift */,
				66C8BD8B2B1FDFAE009834DB /* ViewModel */,
			);
			path = VsComputer;
			sourceTree = "<group>";
		};
		66952CA92B032B5300F091F4 /* VsPerson */ = {
			isa = PBXGroup;
			children = (
				6609830D2B008D2500A7D0D0 /* RPSvsPersonView.swift */,
				66952CA32B0320E500F091F4 /* ViewModel */,
			);
			path = VsPerson;
			sourceTree = "<group>";
		};
		66952CAA2B07BDD600F091F4 /* Store */ = {
			isa = PBXGroup;
			children = (
				66952CAB2B07BDE100F091F4 /* StoreManager.swift */,
				66952CAD2B07BED300F091F4 /* storeKitSync.storekit */,
				66952CAE2B07BEE700F091F4 /* InAppPurchasesView.swift */,
			);
			path = Store;
			sourceTree = "<group>";
		};
		66952CB02B081A3E00F091F4 /* Advertising */ = {
			isa = PBXGroup;
			children = (
				66952CB12B081A5A00F091F4 /* BannerAdvertisement.swift */,
				66952CB32B081AB300F091F4 /* Interstitial.swift */,
				66C8BD6D2B081D82009834DB /* AdvertisingViewModel.swift */,
				66C8BD6F2B0BBF38009834DB /* AdsViewController.swift */,
			);
			path = Advertising;
			sourceTree = "<group>";
		};
		66C8BD752B0D0E5F009834DB /* Extensions */ = {
			isa = PBXGroup;
			children = (
				66C8BD762B0D0E6A009834DB /* Color.swift */,
				66C8BD812B178ECC009834DB /* BackgroundHelper.swift */,
			);
			path = Extensions;
			sourceTree = "<group>";
		};
		66C8BD7E2B14E325009834DB /* Components */ = {
			isa = PBXGroup;
			children = (
				66952CA52B03285A00F091F4 /* BasicMainButton.swift */,
				66C8BD7C2B14E15A009834DB /* GameHeaderView.swift */,
				66C8BD782B14DFB7009834DB /* RockPaperScissorsView.swift */,
				66C8BD892B1F917C009834DB /* RPSGraphic.swift */,
				66C8BD902B20E82F009834DB /* PlayerBioView.swift */,
				667600D52B210AB50018E3A2 /* PlayerBioRowView.swift */,
				667600D72B227AC40018E3A2 /* ResultMessage.swift */,
			);
			path = Components;
			sourceTree = "<group>";
		};
		66C8BD832B179870009834DB /* Models */ = {
			isa = PBXGroup;
			children = (
				66C8BD852B179881009834DB /* ComputerPlayerModel.swift */,
			);
			path = Models;
			sourceTree = "<group>";
		};
		66C8BD8B2B1FDFAE009834DB /* ViewModel */ = {
			isa = PBXGroup;
			children = (
				66952CA12B02F47400F091F4 /* VSComputerViewModel.swift */,
			);
			path = ViewModel;
			sourceTree = "<group>";
		};
		66C8BD8C2B1FF354009834DB /* EndGameView */ = {
			isa = PBXGroup;
			children = (
				66C8BD872B1E94D9009834DB /* EndGameView.swift */,
			);
			path = EndGameView;
			sourceTree = "<group>";
		};
		66C8BD8D2B20E5CC009834DB /* ExplanationView */ = {
			isa = PBXGroup;
			children = (
				66C8BD8E2B20E5EA009834DB /* ExplanationView.swift */,
			);
			name = ExplanationView;
			sourceTree = "<group>";
		};
		AA8CF4245F83CCFE9D636E19 /* Pods */ = {
			isa = PBXGroup;
			children = (
				6D5F6773A788F7AC3A510F84 /* Pods-RockPaperScissors.debug.xcconfig */,
				86C6F307B44695A3C1683964 /* Pods-RockPaperScissors.release.xcconfig */,
			);
			path = Pods;
			sourceTree = "<group>";
		};
/* End PBXGroup section */

/* Begin PBXNativeTarget section */
		660982E72AFEC98000A7D0D0 /* RockPaperScissors */ = {
			isa = PBXNativeTarget;
			buildConfigurationList = 660982F72AFEC98900A7D0D0 /* Build configuration list for PBXNativeTarget "RockPaperScissors" */;
			buildPhases = (
				FBE4AD092A1A945C50E9F00F /* [CP] Check Pods Manifest.lock */,
				660982E42AFEC98000A7D0D0 /* Sources */,
				660982E52AFEC98000A7D0D0 /* Frameworks */,
				660982E62AFEC98000A7D0D0 /* Resources */,
				F9825458BCB59CCC8FB6C6C9 /* [CP] Embed Pods Frameworks */,
			);
			buildRules = (
			);
			dependencies = (
			);
			name = RockPaperScissors;
			productName = RockPaperScissors;
			productReference = 660982E82AFEC98000A7D0D0 /* RockPaperScissors.app */;
			productType = "com.apple.product-type.application";
		};
/* End PBXNativeTarget section */

/* Begin PBXProject section */
		660982E02AFEC98000A7D0D0 /* Project object */ = {
			isa = PBXProject;
			attributes = {
				BuildIndependentTargetsInParallel = 1;
				LastSwiftUpdateCheck = 1410;
				LastUpgradeCheck = 1410;
				TargetAttributes = {
					660982E72AFEC98000A7D0D0 = {
						CreatedOnToolsVersion = 14.1;
					};
				};
			};
			buildConfigurationList = 660982E32AFEC98000A7D0D0 /* Build configuration list for PBXProject "RockPaperScissors" */;
			compatibilityVersion = "Xcode 14.0";
			developmentRegion = en;
			hasScannedForEncodings = 0;
			knownRegions = (
				en,
				Base,
			);
			mainGroup = 660982DF2AFEC98000A7D0D0;
			productRefGroup = 660982E92AFEC98000A7D0D0 /* Products */;
			projectDirPath = "";
			projectRoot = "";
			targets = (
				660982E72AFEC98000A7D0D0 /* RockPaperScissors */,
			);
		};
/* End PBXProject section */

/* Begin PBXResourcesBuildPhase section */
		660982E62AFEC98000A7D0D0 /* Resources */ = {
			isa = PBXResourcesBuildPhase;
			buildActionMask = 2147483647;
			files = (
				660982F42AFEC98900A7D0D0 /* Preview Assets.xcassets in Resources */,
				660982F02AFEC98900A7D0D0 /* Assets.xcassets in Resources */,
			);
			runOnlyForDeploymentPostprocessing = 0;
		};
/* End PBXResourcesBuildPhase section */

/* Begin PBXShellScriptBuildPhase section */
		F9825458BCB59CCC8FB6C6C9 /* [CP] Embed Pods Frameworks */ = {
			isa = PBXShellScriptBuildPhase;
			buildActionMask = 2147483647;
			files = (
			);
			inputFileListPaths = (
				"${PODS_ROOT}/Target Support Files/Pods-RockPaperScissors/Pods-RockPaperScissors-frameworks-${CONFIGURATION}-input-files.xcfilelist",
			);
			name = "[CP] Embed Pods Frameworks";
			outputFileListPaths = (
				"${PODS_ROOT}/Target Support Files/Pods-RockPaperScissors/Pods-RockPaperScissors-frameworks-${CONFIGURATION}-output-files.xcfilelist",
			);
			runOnlyForDeploymentPostprocessing = 0;
			shellPath = /bin/sh;
			shellScript = "\"${PODS_ROOT}/Target Support Files/Pods-RockPaperScissors/Pods-RockPaperScissors-frameworks.sh\"\n";
			showEnvVarsInLog = 0;
		};
		FBE4AD092A1A945C50E9F00F /* [CP] Check Pods Manifest.lock */ = {
			isa = PBXShellScriptBuildPhase;
			buildActionMask = 2147483647;
			files = (
			);
			inputFileListPaths = (
			);
			inputPaths = (
				"${PODS_PODFILE_DIR_PATH}/Podfile.lock",
				"${PODS_ROOT}/Manifest.lock",
			);
			name = "[CP] Check Pods Manifest.lock";
			outputFileListPaths = (
			);
			outputPaths = (
				"$(DERIVED_FILE_DIR)/Pods-RockPaperScissors-checkManifestLockResult.txt",
			);
			runOnlyForDeploymentPostprocessing = 0;
			shellPath = /bin/sh;
			shellScript = "diff \"${PODS_PODFILE_DIR_PATH}/Podfile.lock\" \"${PODS_ROOT}/Manifest.lock\" > /dev/null\nif [ $? != 0 ] ; then\n    # print error to STDERR\n    echo \"error: The sandbox is not in sync with the Podfile.lock. Run 'pod install' or update your CocoaPods installation.\" >&2\n    exit 1\nfi\n# This output is used by Xcode 'outputs' to avoid re-running this script phase.\necho \"SUCCESS\" > \"${SCRIPT_OUTPUT_FILE_0}\"\n";
			showEnvVarsInLog = 0;
		};
/* End PBXShellScriptBuildPhase section */

/* Begin PBXSourcesBuildPhase section */
		660982E42AFEC98000A7D0D0 /* Sources */ = {
			isa = PBXSourcesBuildPhase;
			buildActionMask = 2147483647;
			files = (
				660983012AFFCB6A00A7D0D0 /* VsPersonViewModel.swift in Sources */,
				66C8BD7D2B14E15A009834DB /* GameHeaderView.swift in Sources */,
				66C8BD722B0BC3AA009834DB /* AdmobConstants.swift in Sources */,
				660983082AFFE51400A7D0D0 /* Matchmanager+GKMatchMakerViewController.swift in Sources */,
				660983042AFFCCC500A7D0D0 /* RPSvsComputerView.swift in Sources */,
				66C8BD862B179881009834DB /* ComputerPlayerModel.swift in Sources */,
				66C8BD6E2B081D82009834DB /* AdvertisingViewModel.swift in Sources */,
				66952CB22B081A5A00F091F4 /* BannerAdvertisement.swift in Sources */,
				66952CA22B02F47400F091F4 /* VSComputerViewModel.swift in Sources */,
				6609830E2B008D2500A7D0D0 /* RPSvsPersonView.swift in Sources */,
				66C8BD822B178ECC009834DB /* BackgroundHelper.swift in Sources */,
				660982FE2AFFCB3000A7D0D0 /* GameResults.swift in Sources */,
				66C8BD8A2B1F917C009834DB /* RPSGraphic.swift in Sources */,
				667600E12B2285CF0018E3A2 /* GameDataHistory.xcdatamodeld in Sources */,
				66952CAF2B07BEE700F091F4 /* InAppPurchasesView.swift in Sources */,
				660983062AFFE30F00A7D0D0 /* LaunchView.swift in Sources */,
				66C8BD882B1E94D9009834DB /* EndGameView.swift in Sources */,
				66C8BD912B20E82F009834DB /* PlayerBioView.swift in Sources */,
				66952CB42B081AB300F091F4 /* Interstitial.swift in Sources */,
				66952CA62B03285A00F091F4 /* BasicMainButton.swift in Sources */,
				66C8BD792B14DFB8009834DB /* RockPaperScissorsView.swift in Sources */,
				667600E42B24D64B0018E3A2 /* GameOverviewView.swift in Sources */,
				66C8BD772B0D0E6A009834DB /* Color.swift in Sources */,
				667600DB2B2283DC0018E3A2 /* GameDataService.swift in Sources */,
				66952CAC2B07BDE100F091F4 /* StoreManager.swift in Sources */,
				667600D82B227AC40018E3A2 /* ResultMessage.swift in Sources */,
				6609830A2AFFE69E00A7D0D0 /* ViewModel+GKMatchDelegate.swift in Sources */,
				667600D62B210AB50018E3A2 /* PlayerBioRowView.swift in Sources */,
				660982FC2AFFCB0800A7D0D0 /* WeaponOfChoice.swift in Sources */,
				660982EE2AFEC98000A7D0D0 /* ContentView.swift in Sources */,
				660982EC2AFEC98000A7D0D0 /* RockPaperScissorsApp.swift in Sources */,
				66C8BD802B178E4E009834DB /* PlayerAuthState.swift in Sources */,
				66C8BD8F2B20E5EA009834DB /* ExplanationView.swift in Sources */,
				66C8BD702B0BBF38009834DB /* AdsViewController.swift in Sources */,
			);
			runOnlyForDeploymentPostprocessing = 0;
		};
/* End PBXSourcesBuildPhase section */

/* Begin XCBuildConfiguration section */
		660982F52AFEC98900A7D0D0 /* Debug */ = {
			isa = XCBuildConfiguration;
			buildSettings = {
				ALWAYS_SEARCH_USER_PATHS = NO;
				CLANG_ANALYZER_NONNULL = YES;
				CLANG_ANALYZER_NUMBER_OBJECT_CONVERSION = YES_AGGRESSIVE;
				CLANG_CXX_LANGUAGE_STANDARD = "gnu++20";
				CLANG_ENABLE_MODULES = YES;
				CLANG_ENABLE_OBJC_ARC = YES;
				CLANG_ENABLE_OBJC_WEAK = YES;
				CLANG_WARN_BLOCK_CAPTURE_AUTORELEASING = YES;
				CLANG_WARN_BOOL_CONVERSION = YES;
				CLANG_WARN_COMMA = YES;
				CLANG_WARN_CONSTANT_CONVERSION = YES;
				CLANG_WARN_DEPRECATED_OBJC_IMPLEMENTATIONS = YES;
				CLANG_WARN_DIRECT_OBJC_ISA_USAGE = YES_ERROR;
				CLANG_WARN_DOCUMENTATION_COMMENTS = YES;
				CLANG_WARN_EMPTY_BODY = YES;
				CLANG_WARN_ENUM_CONVERSION = YES;
				CLANG_WARN_INFINITE_RECURSION = YES;
				CLANG_WARN_INT_CONVERSION = YES;
				CLANG_WARN_NON_LITERAL_NULL_CONVERSION = YES;
				CLANG_WARN_OBJC_IMPLICIT_RETAIN_SELF = YES;
				CLANG_WARN_OBJC_LITERAL_CONVERSION = YES;
				CLANG_WARN_OBJC_ROOT_CLASS = YES_ERROR;
				CLANG_WARN_QUOTED_INCLUDE_IN_FRAMEWORK_HEADER = YES;
				CLANG_WARN_RANGE_LOOP_ANALYSIS = YES;
				CLANG_WARN_STRICT_PROTOTYPES = YES;
				CLANG_WARN_SUSPICIOUS_MOVE = YES;
				CLANG_WARN_UNGUARDED_AVAILABILITY = YES_AGGRESSIVE;
				CLANG_WARN_UNREACHABLE_CODE = YES;
				CLANG_WARN__DUPLICATE_METHOD_MATCH = YES;
				COPY_PHASE_STRIP = NO;
				DEBUG_INFORMATION_FORMAT = dwarf;
				ENABLE_STRICT_OBJC_MSGSEND = YES;
				ENABLE_TESTABILITY = YES;
				GCC_C_LANGUAGE_STANDARD = gnu11;
				GCC_DYNAMIC_NO_PIC = NO;
				GCC_NO_COMMON_BLOCKS = YES;
				GCC_OPTIMIZATION_LEVEL = 0;
				GCC_PREPROCESSOR_DEFINITIONS = (
					"DEBUG=1",
					"$(inherited)",
				);
				GCC_WARN_64_TO_32_BIT_CONVERSION = YES;
				GCC_WARN_ABOUT_RETURN_TYPE = YES_ERROR;
				GCC_WARN_UNDECLARED_SELECTOR = YES;
				GCC_WARN_UNINITIALIZED_AUTOS = YES_AGGRESSIVE;
				GCC_WARN_UNUSED_FUNCTION = YES;
				GCC_WARN_UNUSED_VARIABLE = YES;
				MTL_ENABLE_DEBUG_INFO = INCLUDE_SOURCE;
				MTL_FAST_MATH = YES;
				ONLY_ACTIVE_ARCH = YES;
				SWIFT_ACTIVE_COMPILATION_CONDITIONS = DEBUG;
				SWIFT_OPTIMIZATION_LEVEL = "-Onone";
			};
			name = Debug;
		};
		660982F62AFEC98900A7D0D0 /* Release */ = {
			isa = XCBuildConfiguration;
			buildSettings = {
				ALWAYS_SEARCH_USER_PATHS = NO;
				CLANG_ANALYZER_NONNULL = YES;
				CLANG_ANALYZER_NUMBER_OBJECT_CONVERSION = YES_AGGRESSIVE;
				CLANG_CXX_LANGUAGE_STANDARD = "gnu++20";
				CLANG_ENABLE_MODULES = YES;
				CLANG_ENABLE_OBJC_ARC = YES;
				CLANG_ENABLE_OBJC_WEAK = YES;
				CLANG_WARN_BLOCK_CAPTURE_AUTORELEASING = YES;
				CLANG_WARN_BOOL_CONVERSION = YES;
				CLANG_WARN_COMMA = YES;
				CLANG_WARN_CONSTANT_CONVERSION = YES;
				CLANG_WARN_DEPRECATED_OBJC_IMPLEMENTATIONS = YES;
				CLANG_WARN_DIRECT_OBJC_ISA_USAGE = YES_ERROR;
				CLANG_WARN_DOCUMENTATION_COMMENTS = YES;
				CLANG_WARN_EMPTY_BODY = YES;
				CLANG_WARN_ENUM_CONVERSION = YES;
				CLANG_WARN_INFINITE_RECURSION = YES;
				CLANG_WARN_INT_CONVERSION = YES;
				CLANG_WARN_NON_LITERAL_NULL_CONVERSION = YES;
				CLANG_WARN_OBJC_IMPLICIT_RETAIN_SELF = YES;
				CLANG_WARN_OBJC_LITERAL_CONVERSION = YES;
				CLANG_WARN_OBJC_ROOT_CLASS = YES_ERROR;
				CLANG_WARN_QUOTED_INCLUDE_IN_FRAMEWORK_HEADER = YES;
				CLANG_WARN_RANGE_LOOP_ANALYSIS = YES;
				CLANG_WARN_STRICT_PROTOTYPES = YES;
				CLANG_WARN_SUSPICIOUS_MOVE = YES;
				CLANG_WARN_UNGUARDED_AVAILABILITY = YES_AGGRESSIVE;
				CLANG_WARN_UNREACHABLE_CODE = YES;
				CLANG_WARN__DUPLICATE_METHOD_MATCH = YES;
				COPY_PHASE_STRIP = NO;
				DEBUG_INFORMATION_FORMAT = "dwarf-with-dsym";
				ENABLE_NS_ASSERTIONS = NO;
				ENABLE_STRICT_OBJC_MSGSEND = YES;
				GCC_C_LANGUAGE_STANDARD = gnu11;
				GCC_NO_COMMON_BLOCKS = YES;
				GCC_WARN_64_TO_32_BIT_CONVERSION = YES;
				GCC_WARN_ABOUT_RETURN_TYPE = YES_ERROR;
				GCC_WARN_UNDECLARED_SELECTOR = YES;
				GCC_WARN_UNINITIALIZED_AUTOS = YES_AGGRESSIVE;
				GCC_WARN_UNUSED_FUNCTION = YES;
				GCC_WARN_UNUSED_VARIABLE = YES;
				MTL_ENABLE_DEBUG_INFO = NO;
				MTL_FAST_MATH = YES;
				SWIFT_COMPILATION_MODE = wholemodule;
				SWIFT_OPTIMIZATION_LEVEL = "-O";
			};
			name = Release;
		};
		660982F82AFEC98900A7D0D0 /* Debug */ = {
			isa = XCBuildConfiguration;
			baseConfigurationReference = 6D5F6773A788F7AC3A510F84 /* Pods-RockPaperScissors.debug.xcconfig */;
			buildSettings = {
				ASSETCATALOG_COMPILER_APPICON_NAME = AppIcon;
				ASSETCATALOG_COMPILER_GLOBAL_ACCENT_COLOR_NAME = AccentColor;
				CODE_SIGN_ENTITLEMENTS = RockPaperScissors/RockPaperScissors.entitlements;
				CODE_SIGN_STYLE = Automatic;
				CURRENT_PROJECT_VERSION = 1;
				DEVELOPMENT_ASSET_PATHS = "\"RockPaperScissors/Preview Content\"";
				DEVELOPMENT_TEAM = 6SFM579B5E;
				ENABLE_HARDENED_RUNTIME = YES;
				ENABLE_PREVIEWS = YES;
				GENERATE_INFOPLIST_FILE = YES;
				INFOPLIST_FILE = RockPaperScissors/Info.plist;
				INFOPLIST_KEY_CFBundleDisplayName = "The Rock The Paper The Scissor";
				INFOPLIST_KEY_LSApplicationCategoryType = "public.app-category.games";
				"INFOPLIST_KEY_UIApplicationSceneManifest_Generation[sdk=iphoneos*]" = YES;
				"INFOPLIST_KEY_UIApplicationSceneManifest_Generation[sdk=iphonesimulator*]" = YES;
				"INFOPLIST_KEY_UIApplicationSupportsIndirectInputEvents[sdk=iphoneos*]" = YES;
				"INFOPLIST_KEY_UIApplicationSupportsIndirectInputEvents[sdk=iphonesimulator*]" = YES;
				"INFOPLIST_KEY_UILaunchScreen_Generation[sdk=iphoneos*]" = YES;
				"INFOPLIST_KEY_UILaunchScreen_Generation[sdk=iphonesimulator*]" = YES;
				INFOPLIST_KEY_UIRequiresFullScreen = YES;
				"INFOPLIST_KEY_UIStatusBarStyle[sdk=iphoneos*]" = UIStatusBarStyleDefault;
				"INFOPLIST_KEY_UIStatusBarStyle[sdk=iphonesimulator*]" = UIStatusBarStyleDefault;
				INFOPLIST_KEY_UISupportedInterfaceOrientations = UIInterfaceOrientationPortrait;
				IPHONEOS_DEPLOYMENT_TARGET = 16.0;
				LD_RUNPATH_SEARCH_PATHS = "@executable_path/Frameworks";
				"LD_RUNPATH_SEARCH_PATHS[sdk=macosx*]" = "@executable_path/../Frameworks";
				MACOSX_DEPLOYMENT_TARGET = 13.0;
				MARKETING_VERSION = 1.0.3;
				PRODUCT_BUNDLE_IDENTIFIER = design.rdConcepts.RockPaperScissors;
				PRODUCT_NAME = "$(TARGET_NAME)";
				SDKROOT = auto;
				SUPPORTED_PLATFORMS = "iphoneos iphonesimulator macosx";
				SWIFT_EMIT_LOC_STRINGS = YES;
				SWIFT_VERSION = 5.0;
				TARGETED_DEVICE_FAMILY = "1,2";
			};
			name = Debug;
		};
		660982F92AFEC98900A7D0D0 /* Release */ = {
			isa = XCBuildConfiguration;
			baseConfigurationReference = 86C6F307B44695A3C1683964 /* Pods-RockPaperScissors.release.xcconfig */;
			buildSettings = {
				ASSETCATALOG_COMPILER_APPICON_NAME = AppIcon;
				ASSETCATALOG_COMPILER_GLOBAL_ACCENT_COLOR_NAME = AccentColor;
				CODE_SIGN_ENTITLEMENTS = RockPaperScissors/RockPaperScissors.entitlements;
				CODE_SIGN_STYLE = Automatic;
				CURRENT_PROJECT_VERSION = 1;
				DEVELOPMENT_ASSET_PATHS = "\"RockPaperScissors/Preview Content\"";
				DEVELOPMENT_TEAM = 6SFM579B5E;
				ENABLE_HARDENED_RUNTIME = YES;
				ENABLE_PREVIEWS = YES;
				GENERATE_INFOPLIST_FILE = YES;
				INFOPLIST_FILE = RockPaperScissors/Info.plist;
				INFOPLIST_KEY_CFBundleDisplayName = "The Rock The Paper The Scissor";
				INFOPLIST_KEY_LSApplicationCategoryType = "public.app-category.games";
				"INFOPLIST_KEY_UIApplicationSceneManifest_Generation[sdk=iphoneos*]" = YES;
				"INFOPLIST_KEY_UIApplicationSceneManifest_Generation[sdk=iphonesimulator*]" = YES;
				"INFOPLIST_KEY_UIApplicationSupportsIndirectInputEvents[sdk=iphoneos*]" = YES;
				"INFOPLIST_KEY_UIApplicationSupportsIndirectInputEvents[sdk=iphonesimulator*]" = YES;
				"INFOPLIST_KEY_UILaunchScreen_Generation[sdk=iphoneos*]" = YES;
				"INFOPLIST_KEY_UILaunchScreen_Generation[sdk=iphonesimulator*]" = YES;
				INFOPLIST_KEY_UIRequiresFullScreen = YES;
				"INFOPLIST_KEY_UIStatusBarStyle[sdk=iphoneos*]" = UIStatusBarStyleDefault;
				"INFOPLIST_KEY_UIStatusBarStyle[sdk=iphonesimulator*]" = UIStatusBarStyleDefault;
				INFOPLIST_KEY_UISupportedInterfaceOrientations = UIInterfaceOrientationPortrait;
				IPHONEOS_DEPLOYMENT_TARGET = 16.0;
				LD_RUNPATH_SEARCH_PATHS = "@executable_path/Frameworks";
				"LD_RUNPATH_SEARCH_PATHS[sdk=macosx*]" = "@executable_path/../Frameworks";
				MACOSX_DEPLOYMENT_TARGET = 13.0;
				MARKETING_VERSION = 1.0.3;
				PRODUCT_BUNDLE_IDENTIFIER = design.rdConcepts.RockPaperScissors;
				PRODUCT_NAME = "$(TARGET_NAME)";
				SDKROOT = auto;
				SUPPORTED_PLATFORMS = "iphoneos iphonesimulator macosx";
				SWIFT_EMIT_LOC_STRINGS = YES;
				SWIFT_VERSION = 5.0;
				TARGETED_DEVICE_FAMILY = "1,2";
			};
			name = Release;
		};
/* End XCBuildConfiguration section */

/* Begin XCConfigurationList section */
		660982E32AFEC98000A7D0D0 /* Build configuration list for PBXProject "RockPaperScissors" */ = {
			isa = XCConfigurationList;
			buildConfigurations = (
				660982F52AFEC98900A7D0D0 /* Debug */,
				660982F62AFEC98900A7D0D0 /* Release */,
			);
			defaultConfigurationIsVisible = 0;
			defaultConfigurationName = Release;
		};
		660982F72AFEC98900A7D0D0 /* Build configuration list for PBXNativeTarget "RockPaperScissors" */ = {
			isa = XCConfigurationList;
			buildConfigurations = (
				660982F82AFEC98900A7D0D0 /* Debug */,
				660982F92AFEC98900A7D0D0 /* Release */,
			);
			defaultConfigurationIsVisible = 0;
			defaultConfigurationName = Release;
		};
/* End XCConfigurationList section */

/* Begin XCVersionGroup section */
		667600DF2B2285CF0018E3A2 /* GameDataHistory.xcdatamodeld */ = {
			isa = XCVersionGroup;
			children = (
				667600E02B2285CF0018E3A2 /* GameDataHistory.xcdatamodel */,
			);
			currentVersion = 667600E02B2285CF0018E3A2 /* GameDataHistory.xcdatamodel */;
			path = GameDataHistory.xcdatamodeld;
			sourceTree = "<group>";
			versionGroupType = wrapper.xcdatamodel;
		};
/* End XCVersionGroup section */
	};
	rootObject = 660982E02AFEC98000A7D0D0 /* Project object */;
}
