// !$*UTF8*$!
{
	archiveVersion = 1;
	classes = {
	};
	objectVersion = 56;
	objects = {

/* Begin PBXBuildFile section */
		660982EC2AFEC98000A7D0D0 /* RockPaperScissorsApp.swift in Sources */ = {isa = PBXBuildFile; fileRef = 660982EB2AFEC98000A7D0D0 /* RockPaperScissorsApp.swift */; };
		660982EE2AFEC98000A7D0D0 /* ContentView.swift in Sources */ = {isa = PBXBuildFile; fileRef = 660982ED2AFEC98000A7D0D0 /* ContentView.swift */; };
		660982F02AFEC98900A7D0D0 /* Assets.xcassets in Resources */ = {isa = PBXBuildFile; fileRef = 660982EF2AFEC98800A7D0D0 /* Assets.xcassets */; };
		660982F42AFEC98900A7D0D0 /* Preview Assets.xcassets in Resources */ = {isa = PBXBuildFile; fileRef = 660982F32AFEC98900A7D0D0 /* Preview Assets.xcassets */; };
		660982FC2AFFCB0800A7D0D0 /* WeaponOfChoice.swift in Sources */ = {isa = PBXBuildFile; fileRef = 660982FB2AFFCB0800A7D0D0 /* WeaponOfChoice.swift */; };
		660982FE2AFFCB3000A7D0D0 /* GameResults.swift in Sources */ = {isa = PBXBuildFile; fileRef = 660982FD2AFFCB3000A7D0D0 /* GameResults.swift */; };
		660983012AFFCB6A00A7D0D0 /* ViewModel.swift in Sources */ = {isa = PBXBuildFile; fileRef = 660983002AFFCB6A00A7D0D0 /* ViewModel.swift */; };
		660983042AFFCCC500A7D0D0 /* RPSvsComputerView.swift in Sources */ = {isa = PBXBuildFile; fileRef = 660983032AFFCCC500A7D0D0 /* RPSvsComputerView.swift */; };
		660983062AFFE30F00A7D0D0 /* LaunchView.swift in Sources */ = {isa = PBXBuildFile; fileRef = 660983052AFFE30F00A7D0D0 /* LaunchView.swift */; };
		660983082AFFE51400A7D0D0 /* Matchmanager+GKMatchMakerViewController.swift in Sources */ = {isa = PBXBuildFile; fileRef = 660983072AFFE51400A7D0D0 /* Matchmanager+GKMatchMakerViewController.swift */; };
		6609830A2AFFE69E00A7D0D0 /* ViewModel+GKMatchDelegate.swift in Sources */ = {isa = PBXBuildFile; fileRef = 660983092AFFE69E00A7D0D0 /* ViewModel+GKMatchDelegate.swift */; };
		6609830E2B008D2500A7D0D0 /* RPSvsPersonView.swift in Sources */ = {isa = PBXBuildFile; fileRef = 6609830D2B008D2500A7D0D0 /* RPSvsPersonView.swift */; };
		66952CA22B02F47400F091F4 /* VSComputerViewModel.swift in Sources */ = {isa = PBXBuildFile; fileRef = 66952CA12B02F47400F091F4 /* VSComputerViewModel.swift */; };
		66952CA62B03285A00F091F4 /* LaunchButtonView.swift in Sources */ = {isa = PBXBuildFile; fileRef = 66952CA52B03285A00F091F4 /* LaunchButtonView.swift */; };
		66952CAC2B07BDE100F091F4 /* StoreManager.swift in Sources */ = {isa = PBXBuildFile; fileRef = 66952CAB2B07BDE100F091F4 /* StoreManager.swift */; };
		66952CAF2B07BEE700F091F4 /* InAppPurchasesView.swift in Sources */ = {isa = PBXBuildFile; fileRef = 66952CAE2B07BEE700F091F4 /* InAppPurchasesView.swift */; };
/* End PBXBuildFile section */

/* Begin PBXFileReference section */
		660982E82AFEC98000A7D0D0 /* RockPaperScissors.app */ = {isa = PBXFileReference; explicitFileType = wrapper.application; includeInIndex = 0; path = RockPaperScissors.app; sourceTree = BUILT_PRODUCTS_DIR; };
		660982EB2AFEC98000A7D0D0 /* RockPaperScissorsApp.swift */ = {isa = PBXFileReference; lastKnownFileType = sourcecode.swift; path = RockPaperScissorsApp.swift; sourceTree = "<group>"; };
		660982ED2AFEC98000A7D0D0 /* ContentView.swift */ = {isa = PBXFileReference; lastKnownFileType = sourcecode.swift; path = ContentView.swift; sourceTree = "<group>"; };
		660982EF2AFEC98800A7D0D0 /* Assets.xcassets */ = {isa = PBXFileReference; lastKnownFileType = folder.assetcatalog; path = Assets.xcassets; sourceTree = "<group>"; };
		660982F12AFEC98900A7D0D0 /* RockPaperScissors.entitlements */ = {isa = PBXFileReference; lastKnownFileType = text.plist.entitlements; path = RockPaperScissors.entitlements; sourceTree = "<group>"; };
		660982F32AFEC98900A7D0D0 /* Preview Assets.xcassets */ = {isa = PBXFileReference; lastKnownFileType = folder.assetcatalog; path = "Preview Assets.xcassets"; sourceTree = "<group>"; };
		660982FB2AFFCB0800A7D0D0 /* WeaponOfChoice.swift */ = {isa = PBXFileReference; lastKnownFileType = sourcecode.swift; path = WeaponOfChoice.swift; sourceTree = "<group>"; };
		660982FD2AFFCB3000A7D0D0 /* GameResults.swift */ = {isa = PBXFileReference; lastKnownFileType = sourcecode.swift; path = GameResults.swift; sourceTree = "<group>"; };
		660983002AFFCB6A00A7D0D0 /* ViewModel.swift */ = {isa = PBXFileReference; lastKnownFileType = sourcecode.swift; path = ViewModel.swift; sourceTree = "<group>"; };
		660983032AFFCCC500A7D0D0 /* RPSvsComputerView.swift */ = {isa = PBXFileReference; lastKnownFileType = sourcecode.swift; path = RPSvsComputerView.swift; sourceTree = "<group>"; };
		660983052AFFE30F00A7D0D0 /* LaunchView.swift */ = {isa = PBXFileReference; lastKnownFileType = sourcecode.swift; path = LaunchView.swift; sourceTree = "<group>"; };
		660983072AFFE51400A7D0D0 /* Matchmanager+GKMatchMakerViewController.swift */ = {isa = PBXFileReference; lastKnownFileType = sourcecode.swift; path = "Matchmanager+GKMatchMakerViewController.swift"; sourceTree = "<group>"; };
		660983092AFFE69E00A7D0D0 /* ViewModel+GKMatchDelegate.swift */ = {isa = PBXFileReference; lastKnownFileType = sourcecode.swift; path = "ViewModel+GKMatchDelegate.swift"; sourceTree = "<group>"; };
		6609830D2B008D2500A7D0D0 /* RPSvsPersonView.swift */ = {isa = PBXFileReference; lastKnownFileType = sourcecode.swift; path = RPSvsPersonView.swift; sourceTree = "<group>"; };
		66952CA12B02F47400F091F4 /* VSComputerViewModel.swift */ = {isa = PBXFileReference; lastKnownFileType = sourcecode.swift; path = VSComputerViewModel.swift; sourceTree = "<group>"; };
		66952CA52B03285A00F091F4 /* LaunchButtonView.swift */ = {isa = PBXFileReference; lastKnownFileType = sourcecode.swift; path = LaunchButtonView.swift; sourceTree = "<group>"; };
		66952CAB2B07BDE100F091F4 /* StoreManager.swift */ = {isa = PBXFileReference; lastKnownFileType = sourcecode.swift; path = StoreManager.swift; sourceTree = "<group>"; };
		66952CAD2B07BED300F091F4 /* storeKitSync.storekit */ = {isa = PBXFileReference; lastKnownFileType = text; path = storeKitSync.storekit; sourceTree = "<group>"; };
		66952CAE2B07BEE700F091F4 /* InAppPurchasesView.swift */ = {isa = PBXFileReference; lastKnownFileType = sourcecode.swift; path = InAppPurchasesView.swift; sourceTree = "<group>"; };
/* End PBXFileReference section */

/* Begin PBXFrameworksBuildPhase section */
		660982E52AFEC98000A7D0D0 /* Frameworks */ = {
			isa = PBXFrameworksBuildPhase;
			buildActionMask = 2147483647;
			files = (
			);
			runOnlyForDeploymentPostprocessing = 0;
		};
/* End PBXFrameworksBuildPhase section */

/* Begin PBXGroup section */
		660982DF2AFEC98000A7D0D0 = {
			isa = PBXGroup;
			children = (
				660982EA2AFEC98000A7D0D0 /* RockPaperScissors */,
				660982E92AFEC98000A7D0D0 /* Products */,
			);
			sourceTree = "<group>";
		};
		660982E92AFEC98000A7D0D0 /* Products */ = {
			isa = PBXGroup;
			children = (
				660982E82AFEC98000A7D0D0 /* RockPaperScissors.app */,
			);
			name = Products;
			sourceTree = "<group>";
		};
		660982EA2AFEC98000A7D0D0 /* RockPaperScissors */ = {
			isa = PBXGroup;
			children = (
				660982EB2AFEC98000A7D0D0 /* RockPaperScissorsApp.swift */,
				660982ED2AFEC98000A7D0D0 /* ContentView.swift */,
				66952CAA2B07BDD600F091F4 /* Store */,
				66952CA32B0320E500F091F4 /* ViewModel */,
				660983022AFFCCB800A7D0D0 /* Views */,
				660982FA2AFFCAFB00A7D0D0 /* States */,
				660982EF2AFEC98800A7D0D0 /* Assets.xcassets */,
				660982F12AFEC98900A7D0D0 /* RockPaperScissors.entitlements */,
				660982F22AFEC98900A7D0D0 /* Preview Content */,
			);
			path = RockPaperScissors;
			sourceTree = "<group>";
		};
		660982F22AFEC98900A7D0D0 /* Preview Content */ = {
			isa = PBXGroup;
			children = (
				660982F32AFEC98900A7D0D0 /* Preview Assets.xcassets */,
			);
			path = "Preview Content";
			sourceTree = "<group>";
		};
		660982FA2AFFCAFB00A7D0D0 /* States */ = {
			isa = PBXGroup;
			children = (
				660982FB2AFFCB0800A7D0D0 /* WeaponOfChoice.swift */,
				660982FD2AFFCB3000A7D0D0 /* GameResults.swift */,
			);
			path = States;
			sourceTree = "<group>";
		};
		660983022AFFCCB800A7D0D0 /* Views */ = {
			isa = PBXGroup;
			children = (
				66952CA92B032B5300F091F4 /* VsPerson */,
				66952CA82B032B4500F091F4 /* VsComputer */,
				66952CA72B03286000F091F4 /* LaunchScreen */,
			);
			path = Views;
			sourceTree = "<group>";
		};
		66952CA32B0320E500F091F4 /* ViewModel */ = {
			isa = PBXGroup;
			children = (
				660983002AFFCB6A00A7D0D0 /* ViewModel.swift */,
				660983072AFFE51400A7D0D0 /* Matchmanager+GKMatchMakerViewController.swift */,
				660983092AFFE69E00A7D0D0 /* ViewModel+GKMatchDelegate.swift */,
			);
			path = ViewModel;
			sourceTree = "<group>";
		};
		66952CA72B03286000F091F4 /* LaunchScreen */ = {
			isa = PBXGroup;
			children = (
				660983052AFFE30F00A7D0D0 /* LaunchView.swift */,
				66952CA52B03285A00F091F4 /* LaunchButtonView.swift */,
			);
			path = LaunchScreen;
			sourceTree = "<group>";
		};
		66952CA82B032B4500F091F4 /* VsComputer */ = {
			isa = PBXGroup;
			children = (
				66952CA12B02F47400F091F4 /* VSComputerViewModel.swift */,
				660983032AFFCCC500A7D0D0 /* RPSvsComputerView.swift */,
			);
			path = VsComputer;
			sourceTree = "<group>";
		};
		66952CA92B032B5300F091F4 /* VsPerson */ = {
			isa = PBXGroup;
			children = (
				6609830D2B008D2500A7D0D0 /* RPSvsPersonView.swift */,
			);
			path = VsPerson;
			sourceTree = "<group>";
		};
		66952CAA2B07BDD600F091F4 /* Store */ = {
			isa = PBXGroup;
			children = (
				66952CAB2B07BDE100F091F4 /* StoreManager.swift */,
				66952CAD2B07BED300F091F4 /* storeKitSync.storekit */,
				66952CAE2B07BEE700F091F4 /* InAppPurchasesView.swift */,
			);
			path = Store;
			sourceTree = "<group>";
		};
/* End PBXGroup section */

/* Begin PBXNativeTarget section */
		660982E72AFEC98000A7D0D0 /* RockPaperScissors */ = {
			isa = PBXNativeTarget;
			buildConfigurationList = 660982F72AFEC98900A7D0D0 /* Build configuration list for PBXNativeTarget "RockPaperScissors" */;
			buildPhases = (
				660982E42AFEC98000A7D0D0 /* Sources */,
				660982E52AFEC98000A7D0D0 /* Frameworks */,
				660982E62AFEC98000A7D0D0 /* Resources */,
			);
			buildRules = (
			);
			dependencies = (
			);
			name = RockPaperScissors;
			productName = RockPaperScissors;
			productReference = 660982E82AFEC98000A7D0D0 /* RockPaperScissors.app */;
			productType = "com.apple.product-type.application";
		};
/* End PBXNativeTarget section */

/* Begin PBXProject section */
		660982E02AFEC98000A7D0D0 /* Project object */ = {
			isa = PBXProject;
			attributes = {
				BuildIndependentTargetsInParallel = 1;
				LastSwiftUpdateCheck = 1410;
				LastUpgradeCheck = 1410;
				TargetAttributes = {
					660982E72AFEC98000A7D0D0 = {
						CreatedOnToolsVersion = 14.1;
					};
				};
			};
			buildConfigurationList = 660982E32AFEC98000A7D0D0 /* Build configuration list for PBXProject "RockPaperScissors" */;
			compatibilityVersion = "Xcode 14.0";
			developmentRegion = en;
			hasScannedForEncodings = 0;
			knownRegions = (
				en,
				Base,
			);
			mainGroup = 660982DF2AFEC98000A7D0D0;
			productRefGroup = 660982E92AFEC98000A7D0D0 /* Products */;
			projectDirPath = "";
			projectRoot = "";
			targets = (
				660982E72AFEC98000A7D0D0 /* RockPaperScissors */,
			);
		};
/* End PBXProject section */

/* Begin PBXResourcesBuildPhase section */
		660982E62AFEC98000A7D0D0 /* Resources */ = {
			isa = PBXResourcesBuildPhase;
			buildActionMask = 2147483647;
			files = (
				660982F42AFEC98900A7D0D0 /* Preview Assets.xcassets in Resources */,
				660982F02AFEC98900A7D0D0 /* Assets.xcassets in Resources */,
			);
			runOnlyForDeploymentPostprocessing = 0;
		};
/* End PBXResourcesBuildPhase section */

/* Begin PBXSourcesBuildPhase section */
		660982E42AFEC98000A7D0D0 /* Sources */ = {
			isa = PBXSourcesBuildPhase;
			buildActionMask = 2147483647;
			files = (
				660983012AFFCB6A00A7D0D0 /* ViewModel.swift in Sources */,
				660983082AFFE51400A7D0D0 /* Matchmanager+GKMatchMakerViewController.swift in Sources */,
				660983042AFFCCC500A7D0D0 /* RPSvsComputerView.swift in Sources */,
				66952CA22B02F47400F091F4 /* VSComputerViewModel.swift in Sources */,
				6609830E2B008D2500A7D0D0 /* RPSvsPersonView.swift in Sources */,
				660982FE2AFFCB3000A7D0D0 /* GameResults.swift in Sources */,
				66952CAF2B07BEE700F091F4 /* InAppPurchasesView.swift in Sources */,
				660983062AFFE30F00A7D0D0 /* LaunchView.swift in Sources */,
				66952CA62B03285A00F091F4 /* LaunchButtonView.swift in Sources */,
				66952CAC2B07BDE100F091F4 /* StoreManager.swift in Sources */,
				6609830A2AFFE69E00A7D0D0 /* ViewModel+GKMatchDelegate.swift in Sources */,
				660982FC2AFFCB0800A7D0D0 /* WeaponOfChoice.swift in Sources */,
				660982EE2AFEC98000A7D0D0 /* ContentView.swift in Sources */,
				660982EC2AFEC98000A7D0D0 /* RockPaperScissorsApp.swift in Sources */,
			);
			runOnlyForDeploymentPostprocessing = 0;
		};
/* End PBXSourcesBuildPhase section */

/* Begin XCBuildConfiguration section */
		660982F52AFEC98900A7D0D0 /* Debug */ = {
			isa = XCBuildConfiguration;
			buildSettings = {
				ALWAYS_SEARCH_USER_PATHS = NO;
				CLANG_ANALYZER_NONNULL = YES;
				CLANG_ANALYZER_NUMBER_OBJECT_CONVERSION = YES_AGGRESSIVE;
				CLANG_CXX_LANGUAGE_STANDARD = "gnu++20";
				CLANG_ENABLE_MODULES = YES;
				CLANG_ENABLE_OBJC_ARC = YES;
				CLANG_ENABLE_OBJC_WEAK = YES;
				CLANG_WARN_BLOCK_CAPTURE_AUTORELEASING = YES;
				CLANG_WARN_BOOL_CONVERSION = YES;
				CLANG_WARN_COMMA = YES;
				CLANG_WARN_CONSTANT_CONVERSION = YES;
				CLANG_WARN_DEPRECATED_OBJC_IMPLEMENTATIONS = YES;
				CLANG_WARN_DIRECT_OBJC_ISA_USAGE = YES_ERROR;
				CLANG_WARN_DOCUMENTATION_COMMENTS = YES;
				CLANG_WARN_EMPTY_BODY = YES;
				CLANG_WARN_ENUM_CONVERSION = YES;
				CLANG_WARN_INFINITE_RECURSION = YES;
				CLANG_WARN_INT_CONVERSION = YES;
				CLANG_WARN_NON_LITERAL_NULL_CONVERSION = YES;
				CLANG_WARN_OBJC_IMPLICIT_RETAIN_SELF = YES;
				CLANG_WARN_OBJC_LITERAL_CONVERSION = YES;
				CLANG_WARN_OBJC_ROOT_CLASS = YES_ERROR;
				CLANG_WARN_QUOTED_INCLUDE_IN_FRAMEWORK_HEADER = YES;
				CLANG_WARN_RANGE_LOOP_ANALYSIS = YES;
				CLANG_WARN_STRICT_PROTOTYPES = YES;
				CLANG_WARN_SUSPICIOUS_MOVE = YES;
				CLANG_WARN_UNGUARDED_AVAILABILITY = YES_AGGRESSIVE;
				CLANG_WARN_UNREACHABLE_CODE = YES;
				CLANG_WARN__DUPLICATE_METHOD_MATCH = YES;
				COPY_PHASE_STRIP = NO;
				DEBUG_INFORMATION_FORMAT = dwarf;
				ENABLE_STRICT_OBJC_MSGSEND = YES;
				ENABLE_TESTABILITY = YES;
				GCC_C_LANGUAGE_STANDARD = gnu11;
				GCC_DYNAMIC_NO_PIC = NO;
				GCC_NO_COMMON_BLOCKS = YES;
				GCC_OPTIMIZATION_LEVEL = 0;
				GCC_PREPROCESSOR_DEFINITIONS = (
					"DEBUG=1",
					"$(inherited)",
				);
				GCC_WARN_64_TO_32_BIT_CONVERSION = YES;
				GCC_WARN_ABOUT_RETURN_TYPE = YES_ERROR;
				GCC_WARN_UNDECLARED_SELECTOR = YES;
				GCC_WARN_UNINITIALIZED_AUTOS = YES_AGGRESSIVE;
				GCC_WARN_UNUSED_FUNCTION = YES;
				GCC_WARN_UNUSED_VARIABLE = YES;
				MTL_ENABLE_DEBUG_INFO = INCLUDE_SOURCE;
				MTL_FAST_MATH = YES;
				ONLY_ACTIVE_ARCH = YES;
				SWIFT_ACTIVE_COMPILATION_CONDITIONS = DEBUG;
				SWIFT_OPTIMIZATION_LEVEL = "-Onone";
			};
			name = Debug;
		};
		660982F62AFEC98900A7D0D0 /* Release */ = {
			isa = XCBuildConfiguration;
			buildSettings = {
				ALWAYS_SEARCH_USER_PATHS = NO;
				CLANG_ANALYZER_NONNULL = YES;
				CLANG_ANALYZER_NUMBER_OBJECT_CONVERSION = YES_AGGRESSIVE;
				CLANG_CXX_LANGUAGE_STANDARD = "gnu++20";
				CLANG_ENABLE_MODULES = YES;
				CLANG_ENABLE_OBJC_ARC = YES;
				CLANG_ENABLE_OBJC_WEAK = YES;
				CLANG_WARN_BLOCK_CAPTURE_AUTORELEASING = YES;
				CLANG_WARN_BOOL_CONVERSION = YES;
				CLANG_WARN_COMMA = YES;
				CLANG_WARN_CONSTANT_CONVERSION = YES;
				CLANG_WARN_DEPRECATED_OBJC_IMPLEMENTATIONS = YES;
				CLANG_WARN_DIRECT_OBJC_ISA_USAGE = YES_ERROR;
				CLANG_WARN_DOCUMENTATION_COMMENTS = YES;
				CLANG_WARN_EMPTY_BODY = YES;
				CLANG_WARN_ENUM_CONVERSION = YES;
				CLANG_WARN_INFINITE_RECURSION = YES;
				CLANG_WARN_INT_CONVERSION = YES;
				CLANG_WARN_NON_LITERAL_NULL_CONVERSION = YES;
				CLANG_WARN_OBJC_IMPLICIT_RETAIN_SELF = YES;
				CLANG_WARN_OBJC_LITERAL_CONVERSION = YES;
				CLANG_WARN_OBJC_ROOT_CLASS = YES_ERROR;
				CLANG_WARN_QUOTED_INCLUDE_IN_FRAMEWORK_HEADER = YES;
				CLANG_WARN_RANGE_LOOP_ANALYSIS = YES;
				CLANG_WARN_STRICT_PROTOTYPES = YES;
				CLANG_WARN_SUSPICIOUS_MOVE = YES;
				CLANG_WARN_UNGUARDED_AVAILABILITY = YES_AGGRESSIVE;
				CLANG_WARN_UNREACHABLE_CODE = YES;
				CLANG_WARN__DUPLICATE_METHOD_MATCH = YES;
				COPY_PHASE_STRIP = NO;
				DEBUG_INFORMATION_FORMAT = "dwarf-with-dsym";
				ENABLE_NS_ASSERTIONS = NO;
				ENABLE_STRICT_OBJC_MSGSEND = YES;
				GCC_C_LANGUAGE_STANDARD = gnu11;
				GCC_NO_COMMON_BLOCKS = YES;
				GCC_WARN_64_TO_32_BIT_CONVERSION = YES;
				GCC_WARN_ABOUT_RETURN_TYPE = YES_ERROR;
				GCC_WARN_UNDECLARED_SELECTOR = YES;
				GCC_WARN_UNINITIALIZED_AUTOS = YES_AGGRESSIVE;
				GCC_WARN_UNUSED_FUNCTION = YES;
				GCC_WARN_UNUSED_VARIABLE = YES;
				MTL_ENABLE_DEBUG_INFO = NO;
				MTL_FAST_MATH = YES;
				SWIFT_COMPILATION_MODE = wholemodule;
				SWIFT_OPTIMIZATION_LEVEL = "-O";
			};
			name = Release;
		};
		660982F82AFEC98900A7D0D0 /* Debug */ = {
			isa = XCBuildConfiguration;
			buildSettings = {
				ASSETCATALOG_COMPILER_APPICON_NAME = AppIcon;
				ASSETCATALOG_COMPILER_GLOBAL_ACCENT_COLOR_NAME = AccentColor;
				CODE_SIGN_ENTITLEMENTS = RockPaperScissors/RockPaperScissors.entitlements;
				CODE_SIGN_STYLE = Automatic;
				CURRENT_PROJECT_VERSION = 1;
				DEVELOPMENT_ASSET_PATHS = "\"RockPaperScissors/Preview Content\"";
				DEVELOPMENT_TEAM = 6SFM579B5E;
				ENABLE_HARDENED_RUNTIME = YES;
				ENABLE_PREVIEWS = YES;
				GENERATE_INFOPLIST_FILE = YES;
				INFOPLIST_KEY_CFBundleDisplayName = "The Rock The Paper The Scissor";
				"INFOPLIST_KEY_UIApplicationSceneManifest_Generation[sdk=iphoneos*]" = YES;
				"INFOPLIST_KEY_UIApplicationSceneManifest_Generation[sdk=iphonesimulator*]" = YES;
				"INFOPLIST_KEY_UIApplicationSupportsIndirectInputEvents[sdk=iphoneos*]" = YES;
				"INFOPLIST_KEY_UIApplicationSupportsIndirectInputEvents[sdk=iphonesimulator*]" = YES;
				"INFOPLIST_KEY_UILaunchScreen_Generation[sdk=iphoneos*]" = YES;
				"INFOPLIST_KEY_UILaunchScreen_Generation[sdk=iphonesimulator*]" = YES;
				"INFOPLIST_KEY_UIStatusBarStyle[sdk=iphoneos*]" = UIStatusBarStyleDefault;
				"INFOPLIST_KEY_UIStatusBarStyle[sdk=iphonesimulator*]" = UIStatusBarStyleDefault;
				INFOPLIST_KEY_UISupportedInterfaceOrientations_iPad = "UIInterfaceOrientationPortrait UIInterfaceOrientationPortraitUpsideDown UIInterfaceOrientationLandscapeLeft UIInterfaceOrientationLandscapeRight";
				INFOPLIST_KEY_UISupportedInterfaceOrientations_iPhone = "UIInterfaceOrientationPortrait UIInterfaceOrientationLandscapeLeft UIInterfaceOrientationLandscapeRight";
				IPHONEOS_DEPLOYMENT_TARGET = 16.0;
				LD_RUNPATH_SEARCH_PATHS = "@executable_path/Frameworks";
				"LD_RUNPATH_SEARCH_PATHS[sdk=macosx*]" = "@executable_path/../Frameworks";
				MACOSX_DEPLOYMENT_TARGET = 13.0;
				MARKETING_VERSION = 1.0;
				PRODUCT_BUNDLE_IDENTIFIER = design.rdConcepts.RockPaperScissors;
				PRODUCT_NAME = "$(TARGET_NAME)";
				SDKROOT = auto;
				SUPPORTED_PLATFORMS = "iphoneos iphonesimulator macosx";
				SWIFT_EMIT_LOC_STRINGS = YES;
				SWIFT_VERSION = 5.0;
				TARGETED_DEVICE_FAMILY = "1,2";
			};
			name = Debug;
		};
		660982F92AFEC98900A7D0D0 /* Release */ = {
			isa = XCBuildConfiguration;
			buildSettings = {
				ASSETCATALOG_COMPILER_APPICON_NAME = AppIcon;
				ASSETCATALOG_COMPILER_GLOBAL_ACCENT_COLOR_NAME = AccentColor;
				CODE_SIGN_ENTITLEMENTS = RockPaperScissors/RockPaperScissors.entitlements;
				CODE_SIGN_STYLE = Automatic;
				CURRENT_PROJECT_VERSION = 1;
				DEVELOPMENT_ASSET_PATHS = "\"RockPaperScissors/Preview Content\"";
				DEVELOPMENT_TEAM = 6SFM579B5E;
				ENABLE_HARDENED_RUNTIME = YES;
				ENABLE_PREVIEWS = YES;
				GENERATE_INFOPLIST_FILE = YES;
				INFOPLIST_KEY_CFBundleDisplayName = "The Rock The Paper The Scissor";
				"INFOPLIST_KEY_UIApplicationSceneManifest_Generation[sdk=iphoneos*]" = YES;
				"INFOPLIST_KEY_UIApplicationSceneManifest_Generation[sdk=iphonesimulator*]" = YES;
				"INFOPLIST_KEY_UIApplicationSupportsIndirectInputEvents[sdk=iphoneos*]" = YES;
				"INFOPLIST_KEY_UIApplicationSupportsIndirectInputEvents[sdk=iphonesimulator*]" = YES;
				"INFOPLIST_KEY_UILaunchScreen_Generation[sdk=iphoneos*]" = YES;
				"INFOPLIST_KEY_UILaunchScreen_Generation[sdk=iphonesimulator*]" = YES;
				"INFOPLIST_KEY_UIStatusBarStyle[sdk=iphoneos*]" = UIStatusBarStyleDefault;
				"INFOPLIST_KEY_UIStatusBarStyle[sdk=iphonesimulator*]" = UIStatusBarStyleDefault;
				INFOPLIST_KEY_UISupportedInterfaceOrientations_iPad = "UIInterfaceOrientationPortrait UIInterfaceOrientationPortraitUpsideDown UIInterfaceOrientationLandscapeLeft UIInterfaceOrientationLandscapeRight";
				INFOPLIST_KEY_UISupportedInterfaceOrientations_iPhone = "UIInterfaceOrientationPortrait UIInterfaceOrientationLandscapeLeft UIInterfaceOrientationLandscapeRight";
				IPHONEOS_DEPLOYMENT_TARGET = 16.0;
				LD_RUNPATH_SEARCH_PATHS = "@executable_path/Frameworks";
				"LD_RUNPATH_SEARCH_PATHS[sdk=macosx*]" = "@executable_path/../Frameworks";
				MACOSX_DEPLOYMENT_TARGET = 13.0;
				MARKETING_VERSION = 1.0;
				PRODUCT_BUNDLE_IDENTIFIER = design.rdConcepts.RockPaperScissors;
				PRODUCT_NAME = "$(TARGET_NAME)";
				SDKROOT = auto;
				SUPPORTED_PLATFORMS = "iphoneos iphonesimulator macosx";
				SWIFT_EMIT_LOC_STRINGS = YES;
				SWIFT_VERSION = 5.0;
				TARGETED_DEVICE_FAMILY = "1,2";
			};
			name = Release;
		};
/* End XCBuildConfiguration section */

/* Begin XCConfigurationList section */
		660982E32AFEC98000A7D0D0 /* Build configuration list for PBXProject "RockPaperScissors" */ = {
			isa = XCConfigurationList;
			buildConfigurations = (
				660982F52AFEC98900A7D0D0 /* Debug */,
				660982F62AFEC98900A7D0D0 /* Release */,
			);
			defaultConfigurationIsVisible = 0;
			defaultConfigurationName = Release;
		};
		660982F72AFEC98900A7D0D0 /* Build configuration list for PBXNativeTarget "RockPaperScissors" */ = {
			isa = XCConfigurationList;
			buildConfigurations = (
				660982F82AFEC98900A7D0D0 /* Debug */,
				660982F92AFEC98900A7D0D0 /* Release */,
			);
			defaultConfigurationIsVisible = 0;
			defaultConfigurationName = Release;
		};
/* End XCConfigurationList section */
	};
	rootObject = 660982E02AFEC98000A7D0D0 /* Project object */;
}
